<Solution>
  <Project Path="AYellowpaper.SerializedCollections.csproj" />
  <Project Path="Assembly-CSharp.csproj" />
  <Project Path="FMODUnityResonanceEditor.csproj" />
  <Project Path="FMODUnityEditor.csproj" />
  <Project Path="FMODUnity.csproj" />
  <Project Path="AYellowpaper.SerializedCollections.Editor.csproj" />
  <Project Path="FMODUnityHaptics.csproj" />
  <Project Path="FMODUnityResonance.csproj" />
  <Project Path="Assembly-CSharp-firstpass.csproj" />
</Solution>
